GEM
  remote: https://rubygems.org/
  specs:
    forwardable (1.4.0)
    prime (0.1.4)
      forwardable
      singleton
    singleton (0.3.0)

PLATFORMS
  arm64-darwin-25
  ruby

DEPENDENCIES
  prime

CHECKSUMS
  forwardable (1.4.0) sha256=f1cd40cc9812937980e1c76f1aa053660990a7c9b6a98fc37d945468afcce838
  prime (0.1.4) sha256=4d755ebf7c2994a6f3a3fee0d072063be3fff2d4042ebff6cd5eebd4747a225e
  singleton (0.3.0) sha256=83ea1bca5f4aa34d00305ab842a7862ea5a8a11c73d362cb52379d94e9615778

BUNDLED WITH
  4.0.11
